
Microsoft Visual Studio Solution File, Format Version 12.00
Project("{2150E333-8FDC-42A3-9474-1A3956D46DE8}") = "src", "src", "{86C0B33B-67DB-49DB-81D6-AB0426BD3B45}"
EndProject
Project("{2150E333-8FDC-42A3-9474-1A3956D46DE8}") = "ApiGateways", "ApiGateways", "{153270D2-A2B8-4EFE-976B-1C3FF6D0649F}"
EndProject
Project("{FAE04EC0-301F-11D3-BF4B-00C04F79EFBC}") = "Web.ApiGateway", "src\ApiGateways\Web.ApiGateway\Web.ApiGateway.csproj", "{726B2383-BE35-4430-86C3-D07A136F3B2C}"
EndProject
Project("{2150E333-8FDC-42A3-9474-1A3956D46DE8}") = "EventBus", "EventBus", "{7116AE55-CAEB-4C2D-A5A9-B4085588CE0F}"
EndProject
Project("{FAE04EC0-301F-11D3-BF4B-00C04F79EFBC}") = "EventBus.Base", "src\EventBus\EventBus.Base\EventBus.Base.csproj", "{8E79911F-CC9C-4E98-859A-AF84C393F0CB}"
EndProject
Project("{FAE04EC0-301F-11D3-BF4B-00C04F79EFBC}") = "EventBus.Factory", "src\EventBus\EventBus.Factory\EventBus.Factory.csproj", "{1B5AEBAF-B24C-43E9-851B-8BE70324160E}"
EndProject
Project("{FAE04EC0-301F-11D3-BF4B-00C04F79EFBC}") = "EventBus.RabbitMQ", "src\EventBus\EventBus.RabbitMQ\EventBus.RabbitMQ.csproj", "{4D9D3298-3564-45DA-A902-E088B7A024A1}"
EndProject
Project("{FAE04EC0-301F-11D3-BF4B-00C04F79EFBC}") = "Shopping.Web", "src\Shopping.Web\Shopping.Web.csproj", "{8C574D7A-940A-4955-AC1F-2011E0D049E4}"
EndProject
Project("{2150E333-8FDC-42A3-9474-1A3956D46DE8}") = "Services", "Services", "{C0C0F4BA-64A0-4B08-9877-5D44651E036F}"
EndProject
Project("{2150E333-8FDC-42A3-9474-1A3956D46DE8}") = "Basket", "Basket", "{89BA333B-94D4-4FB8-8CF6-2984BF61FDC9}"
EndProject
Project("{FAE04EC0-301F-11D3-BF4B-00C04F79EFBC}") = "Shopping.Basket.API", "src\Services\Basket\Shopping.Basket.API\Shopping.Basket.API.csproj", "{1EF31F15-3E35-41F2-B0E1-07A6731C43FC}"
EndProject
Project("{2150E333-8FDC-42A3-9474-1A3956D46DE8}") = "Catalog", "Catalog", "{8B4E7312-9F11-4D57-8320-18A29D4067EC}"
EndProject
Project("{2150E333-8FDC-42A3-9474-1A3956D46DE8}") = "Authentication", "Authentication", "{4862D463-0BD8-4C50-9907-FBCC889CB507}"
EndProject
Project("{2150E333-8FDC-42A3-9474-1A3956D46DE8}") = "Notification", "Notification", "{8F89F7A9-EE62-4F7A-85B6-828278EBCA63}"
EndProject
Project("{2150E333-8FDC-42A3-9474-1A3956D46DE8}") = "Order", "Order", "{008B803D-085A-4929-BEC3-1F8F86C0346D}"
EndProject
Project("{FAE04EC0-301F-11D3-BF4B-00C04F79EFBC}") = "Shopping.Authentication.API", "src\Services\Authentication\Shopping.Authentication.API\Shopping.Authentication.API.csproj", "{F1541554-B21A-4B60-A767-91988CEC134A}"
EndProject
Project("{FAE04EC0-301F-11D3-BF4B-00C04F79EFBC}") = "Shopping.Catalog.API", "src\Services\Catalog\Shopping.Catalog.API\Shopping.Catalog.API.csproj", "{D54137B6-4B50-45E8-AE55-2442265CB4B1}"
EndProject
Project("{FAE04EC0-301F-11D3-BF4B-00C04F79EFBC}") = "Shopping.Notification.Console", "src\Services\Notification\Shopping.Notification.Console\Shopping.Notification.Console.csproj", "{1C5F1040-4D64-41E2-ACF9-C1ACE31D775F}"
EndProject
Project("{FAE04EC0-301F-11D3-BF4B-00C04F79EFBC}") = "Shopping.Order.Application", "src\Services\Order\Shopping.Order.Application\Shopping.Order.Application.csproj", "{9B1DC7CE-7D20-4C7C-9C26-1F9035E09E24}"
EndProject
Project("{FAE04EC0-301F-11D3-BF4B-00C04F79EFBC}") = "Shopping.Order.Domain", "src\Services\Order\Shopping.Order.Domain\Shopping.Order.Domain.csproj", "{02213AF2-CF5B-4127-8066-EE5991F1CA78}"
EndProject
Project("{FAE04EC0-301F-11D3-BF4B-00C04F79EFBC}") = "Shopping.Order.Infrastructure", "src\Services\Order\Shopping.Order.Infrastructure\Shopping.Order.Infrastructure.csproj", "{A580831B-1AA2-42CA-BA0C-58E2207AF7A1}"
EndProject
Project("{FAE04EC0-301F-11D3-BF4B-00C04F79EFBC}") = "Shopping.Order.API", "src\Services\Order\Shopping.Order.API\Shopping.Order.API.csproj", "{CEE638F6-03EB-4AEF-807D-AC88F544C51A}"
EndProject
Project("{2150E333-8FDC-42A3-9474-1A3956D46DE8}") = "Payment", "Payment", "{0B7EE378-2816-4617-958C-94234960AE73}"
EndProject
Project("{FAE04EC0-301F-11D3-BF4B-00C04F79EFBC}") = "Shopping.Payment.API", "src\Services\Payment\Shopping.Payment.API\Shopping.Payment.API.csproj", "{5874856B-CDF2-4336-B279-46706F07D91A}"
EndProject
Project("{FAE04EC0-301F-11D3-BF4B-00C04F79EFBC}") = "EventBus.Azure", "src\EventBus\EventBus.Azure\EventBus.Azure.csproj", "{A3BB11A3-2118-4D6C-87D3-91B73E1350EC}"
EndProject
Global
	GlobalSection(SolutionConfigurationPlatforms) = preSolution
		Debug|Any CPU = Debug|Any CPU
		Release|Any CPU = Release|Any CPU
	EndGlobalSection
	GlobalSection(NestedProjects) = preSolution
		{153270D2-A2B8-4EFE-976B-1C3FF6D0649F} = {86C0B33B-67DB-49DB-81D6-AB0426BD3B45}
		{726B2383-BE35-4430-86C3-D07A136F3B2C} = {153270D2-A2B8-4EFE-976B-1C3FF6D0649F}
		{7116AE55-CAEB-4C2D-A5A9-B4085588CE0F} = {86C0B33B-67DB-49DB-81D6-AB0426BD3B45}
		{8E79911F-CC9C-4E98-859A-AF84C393F0CB} = {7116AE55-CAEB-4C2D-A5A9-B4085588CE0F}
		{1B5AEBAF-B24C-43E9-851B-8BE70324160E} = {7116AE55-CAEB-4C2D-A5A9-B4085588CE0F}
		{4D9D3298-3564-45DA-A902-E088B7A024A1} = {7116AE55-CAEB-4C2D-A5A9-B4085588CE0F}
		{8C574D7A-940A-4955-AC1F-2011E0D049E4} = {86C0B33B-67DB-49DB-81D6-AB0426BD3B45}
		{C0C0F4BA-64A0-4B08-9877-5D44651E036F} = {86C0B33B-67DB-49DB-81D6-AB0426BD3B45}
		{89BA333B-94D4-4FB8-8CF6-2984BF61FDC9} = {C0C0F4BA-64A0-4B08-9877-5D44651E036F}
		{1EF31F15-3E35-41F2-B0E1-07A6731C43FC} = {89BA333B-94D4-4FB8-8CF6-2984BF61FDC9}
		{8B4E7312-9F11-4D57-8320-18A29D4067EC} = {C0C0F4BA-64A0-4B08-9877-5D44651E036F}
		{4862D463-0BD8-4C50-9907-FBCC889CB507} = {C0C0F4BA-64A0-4B08-9877-5D44651E036F}
		{8F89F7A9-EE62-4F7A-85B6-828278EBCA63} = {C0C0F4BA-64A0-4B08-9877-5D44651E036F}
		{008B803D-085A-4929-BEC3-1F8F86C0346D} = {C0C0F4BA-64A0-4B08-9877-5D44651E036F}
		{F1541554-B21A-4B60-A767-91988CEC134A} = {4862D463-0BD8-4C50-9907-FBCC889CB507}
		{D54137B6-4B50-45E8-AE55-2442265CB4B1} = {8B4E7312-9F11-4D57-8320-18A29D4067EC}
		{1C5F1040-4D64-41E2-ACF9-C1ACE31D775F} = {8F89F7A9-EE62-4F7A-85B6-828278EBCA63}
		{9B1DC7CE-7D20-4C7C-9C26-1F9035E09E24} = {008B803D-085A-4929-BEC3-1F8F86C0346D}
		{02213AF2-CF5B-4127-8066-EE5991F1CA78} = {008B803D-085A-4929-BEC3-1F8F86C0346D}
		{A580831B-1AA2-42CA-BA0C-58E2207AF7A1} = {008B803D-085A-4929-BEC3-1F8F86C0346D}
		{CEE638F6-03EB-4AEF-807D-AC88F544C51A} = {008B803D-085A-4929-BEC3-1F8F86C0346D}
		{0B7EE378-2816-4617-958C-94234960AE73} = {C0C0F4BA-64A0-4B08-9877-5D44651E036F}
		{5874856B-CDF2-4336-B279-46706F07D91A} = {0B7EE378-2816-4617-958C-94234960AE73}
		{A3BB11A3-2118-4D6C-87D3-91B73E1350EC} = {7116AE55-CAEB-4C2D-A5A9-B4085588CE0F}
	EndGlobalSection
	GlobalSection(ProjectConfigurationPlatforms) = postSolution
		{726B2383-BE35-4430-86C3-D07A136F3B2C}.Debug|Any CPU.ActiveCfg = Debug|Any CPU
		{726B2383-BE35-4430-86C3-D07A136F3B2C}.Debug|Any CPU.Build.0 = Debug|Any CPU
		{726B2383-BE35-4430-86C3-D07A136F3B2C}.Release|Any CPU.ActiveCfg = Release|Any CPU
		{726B2383-BE35-4430-86C3-D07A136F3B2C}.Release|Any CPU.Build.0 = Release|Any CPU
		{8E79911F-CC9C-4E98-859A-AF84C393F0CB}.Debug|Any CPU.ActiveCfg = Debug|Any CPU
		{8E79911F-CC9C-4E98-859A-AF84C393F0CB}.Debug|Any CPU.Build.0 = Debug|Any CPU
		{8E79911F-CC9C-4E98-859A-AF84C393F0CB}.Release|Any CPU.ActiveCfg = Release|Any CPU
		{8E79911F-CC9C-4E98-859A-AF84C393F0CB}.Release|Any CPU.Build.0 = Release|Any CPU
		{1B5AEBAF-B24C-43E9-851B-8BE70324160E}.Debug|Any CPU.ActiveCfg = Debug|Any CPU
		{1B5AEBAF-B24C-43E9-851B-8BE70324160E}.Debug|Any CPU.Build.0 = Debug|Any CPU
		{1B5AEBAF-B24C-43E9-851B-8BE70324160E}.Release|Any CPU.ActiveCfg = Release|Any CPU
		{1B5AEBAF-B24C-43E9-851B-8BE70324160E}.Release|Any CPU.Build.0 = Release|Any CPU
		{4D9D3298-3564-45DA-A902-E088B7A024A1}.Debug|Any CPU.ActiveCfg = Debug|Any CPU
		{4D9D3298-3564-45DA-A902-E088B7A024A1}.Debug|Any CPU.Build.0 = Debug|Any CPU
		{4D9D3298-3564-45DA-A902-E088B7A024A1}.Release|Any CPU.ActiveCfg = Release|Any CPU
		{4D9D3298-3564-45DA-A902-E088B7A024A1}.Release|Any CPU.Build.0 = Release|Any CPU
		{8C574D7A-940A-4955-AC1F-2011E0D049E4}.Debug|Any CPU.ActiveCfg = Debug|Any CPU
		{8C574D7A-940A-4955-AC1F-2011E0D049E4}.Debug|Any CPU.Build.0 = Debug|Any CPU
		{8C574D7A-940A-4955-AC1F-2011E0D049E4}.Release|Any CPU.ActiveCfg = Release|Any CPU
		{8C574D7A-940A-4955-AC1F-2011E0D049E4}.Release|Any CPU.Build.0 = Release|Any CPU
		{1EF31F15-3E35-41F2-B0E1-07A6731C43FC}.Debug|Any CPU.ActiveCfg = Debug|Any CPU
		{1EF31F15-3E35-41F2-B0E1-07A6731C43FC}.Debug|Any CPU.Build.0 = Debug|Any CPU
		{1EF31F15-3E35-41F2-B0E1-07A6731C43FC}.Release|Any CPU.ActiveCfg = Release|Any CPU
		{1EF31F15-3E35-41F2-B0E1-07A6731C43FC}.Release|Any CPU.Build.0 = Release|Any CPU
		{F1541554-B21A-4B60-A767-91988CEC134A}.Debug|Any CPU.ActiveCfg = Debug|Any CPU
		{F1541554-B21A-4B60-A767-91988CEC134A}.Debug|Any CPU.Build.0 = Debug|Any CPU
		{F1541554-B21A-4B60-A767-91988CEC134A}.Release|Any CPU.ActiveCfg = Release|Any CPU
		{F1541554-B21A-4B60-A767-91988CEC134A}.Release|Any CPU.Build.0 = Release|Any CPU
		{D54137B6-4B50-45E8-AE55-2442265CB4B1}.Debug|Any CPU.ActiveCfg = Debug|Any CPU
		{D54137B6-4B50-45E8-AE55-2442265CB4B1}.Debug|Any CPU.Build.0 = Debug|Any CPU
		{D54137B6-4B50-45E8-AE55-2442265CB4B1}.Release|Any CPU.ActiveCfg = Release|Any CPU
		{D54137B6-4B50-45E8-AE55-2442265CB4B1}.Release|Any CPU.Build.0 = Release|Any CPU
		{1C5F1040-4D64-41E2-ACF9-C1ACE31D775F}.Debug|Any CPU.ActiveCfg = Debug|Any CPU
		{1C5F1040-4D64-41E2-ACF9-C1ACE31D775F}.Debug|Any CPU.Build.0 = Debug|Any CPU
		{1C5F1040-4D64-41E2-ACF9-C1ACE31D775F}.Release|Any CPU.ActiveCfg = Release|Any CPU
		{1C5F1040-4D64-41E2-ACF9-C1ACE31D775F}.Release|Any CPU.Build.0 = Release|Any CPU
		{9B1DC7CE-7D20-4C7C-9C26-1F9035E09E24}.Debug|Any CPU.ActiveCfg = Debug|Any CPU
		{9B1DC7CE-7D20-4C7C-9C26-1F9035E09E24}.Debug|Any CPU.Build.0 = Debug|Any CPU
		{9B1DC7CE-7D20-4C7C-9C26-1F9035E09E24}.Release|Any CPU.ActiveCfg = Release|Any CPU
		{9B1DC7CE-7D20-4C7C-9C26-1F9035E09E24}.Release|Any CPU.Build.0 = Release|Any CPU
		{02213AF2-CF5B-4127-8066-EE5991F1CA78}.Debug|Any CPU.ActiveCfg = Debug|Any CPU
		{02213AF2-CF5B-4127-8066-EE5991F1CA78}.Debug|Any CPU.Build.0 = Debug|Any CPU
		{02213AF2-CF5B-4127-8066-EE5991F1CA78}.Release|Any CPU.ActiveCfg = Release|Any CPU
		{02213AF2-CF5B-4127-8066-EE5991F1CA78}.Release|Any CPU.Build.0 = Release|Any CPU
		{A580831B-1AA2-42CA-BA0C-58E2207AF7A1}.Debug|Any CPU.ActiveCfg = Debug|Any CPU
		{A580831B-1AA2-42CA-BA0C-58E2207AF7A1}.Debug|Any CPU.Build.0 = Debug|Any CPU
		{A580831B-1AA2-42CA-BA0C-58E2207AF7A1}.Release|Any CPU.ActiveCfg = Release|Any CPU
		{A580831B-1AA2-42CA-BA0C-58E2207AF7A1}.Release|Any CPU.Build.0 = Release|Any CPU
		{CEE638F6-03EB-4AEF-807D-AC88F544C51A}.Debug|Any CPU.ActiveCfg = Debug|Any CPU
		{CEE638F6-03EB-4AEF-807D-AC88F544C51A}.Debug|Any CPU.Build.0 = Debug|Any CPU
		{CEE638F6-03EB-4AEF-807D-AC88F544C51A}.Release|Any CPU.ActiveCfg = Release|Any CPU
		{CEE638F6-03EB-4AEF-807D-AC88F544C51A}.Release|Any CPU.Build.0 = Release|Any CPU
		{5874856B-CDF2-4336-B279-46706F07D91A}.Debug|Any CPU.ActiveCfg = Debug|Any CPU
		{5874856B-CDF2-4336-B279-46706F07D91A}.Debug|Any CPU.Build.0 = Debug|Any CPU
		{5874856B-CDF2-4336-B279-46706F07D91A}.Release|Any CPU.ActiveCfg = Release|Any CPU
		{5874856B-CDF2-4336-B279-46706F07D91A}.Release|Any CPU.Build.0 = Release|Any CPU
		{A3BB11A3-2118-4D6C-87D3-91B73E1350EC}.Debug|Any CPU.ActiveCfg = Debug|Any CPU
		{A3BB11A3-2118-4D6C-87D3-91B73E1350EC}.Debug|Any CPU.Build.0 = Debug|Any CPU
		{A3BB11A3-2118-4D6C-87D3-91B73E1350EC}.Release|Any CPU.ActiveCfg = Release|Any CPU
		{A3BB11A3-2118-4D6C-87D3-91B73E1350EC}.Release|Any CPU.Build.0 = Release|Any CPU
	EndGlobalSection
EndGlobal
